
Microsoft Visual Studio Solution File, Format Version 12.00
# Visual Studio 15
VisualStudioVersion = 15.0.28010.2026
MinimumVisualStudioVersion = 10.0.40219.1
Project("{FAE04EC0-301F-11D3-BF4B-00C04F79EFBC}") = "Lab5b", "Lab5b\Lab5b.csproj", "{91FA7917-275E-4178-A673-7363D091456F}"
EndProject
Global
	GlobalSection(SolutionConfigurationPlatforms) = preSolution
		Debug|Any CPU = Debug|Any CPU
		Release|Any CPU = Release|Any CPU
	EndGlobalSection
	GlobalSection(ProjectConfigurationPlatforms) = postSolution
		{91FA7917-275E-4178-A673-7363D091456F}.Debug|Any CPU.ActiveCfg = Debug|Any CPU
		{91FA7917-275E-4178-A673-7363D091456F}.Debug|Any CPU.Build.0 = Debug|Any CPU
		{91FA7917-275E-4178-A673-7363D091456F}.Release|Any CPU.ActiveCfg = Release|Any CPU
		{91FA7917-275E-4178-A673-7363D091456F}.Release|Any CPU.Build.0 = Release|Any CPU
	EndGlobalSection
	GlobalSection(SolutionProperties) = preSolution
		HideSolutionNode = FALSE
	EndGlobalSection
	GlobalSection(ExtensibilityGlobals) = postSolution
		SolutionGuid = {08BA33FC-F730-4010-A666-A28FA1C82431}
	EndGlobalSection
EndGlobal
